
Microsoft Visual Studio Solution File, Format Version 12.00
# Visual Studio 2015
Project("{FAE04EC0-301F-11D3-BF4B-00C04F79EFBC}") = "NeuroScouting Unity Exercise.CSharp", "NeuroScouting Unity Exercise.CSharp.csproj", "{4232E7E4-34BD-0655-1704-F35AA4147B07}"
EndProject
Global
	GlobalSection(SolutionConfigurationPlatforms) = preSolution
		Debug|Any CPU = Debug|Any CPU
		Release|Any CPU = Release|Any CPU
	EndGlobalSection
	GlobalSection(ProjectConfigurationPlatforms) = postSolution
		{4232E7E4-34BD-0655-1704-F35AA4147B07}.Debug|Any CPU.ActiveCfg = Debug|Any CPU
		{4232E7E4-34BD-0655-1704-F35AA4147B07}.Debug|Any CPU.Build.0 = Debug|Any CPU
		{4232E7E4-34BD-0655-1704-F35AA4147B07}.Release|Any CPU.ActiveCfg = Release|Any CPU
		{4232E7E4-34BD-0655-1704-F35AA4147B07}.Release|Any CPU.Build.0 = Release|Any CPU
	EndGlobalSection
	GlobalSection(SolutionProperties) = preSolution
		HideSolutionNode = FALSE
	EndGlobalSection
EndGlobal
